
Microsoft Visual Studio Solution File, Format Version 12.00
# Visual Studio Version 17
VisualStudioVersion = 17.11.35208.52
MinimumVisualStudioVersion = 10.0.40219.1
Project("{9A19103F-16F7-4668-BE54-9A1E7A4F7556}") = "NKnife.TDMS", "src\NKnife.TDMS\NKnife.TDMS.csproj", "{DD99E5F1-91E1-4206-8A87-BF9F6DFB411C}"
EndProject
Project("{9A19103F-16F7-4668-BE54-9A1E7A4F7556}") = "UnitTests.NKnife.TDMS", "test\UnitTests.NKnife.TDMS\UnitTests.NKnife.TDMS.csproj", "{CDAE04EC-B5DB-4D7F-A41A-BC875E8249F8}"
EndProject
Project("{2150E333-8FDC-42A3-9474-1A3956D46DE8}") = "Doc", "Doc", "{9019FFD4-AD81-4BA6-99E5-CBEC6AAEDD0B}"
	ProjectSection(SolutionItems) = preProject
		.editorconfig = .editorconfig
		Directory.Build.props = Directory.Build.props
		NKnife.TDMS.sln.DotSettings = NKnife.TDMS.sln.DotSettings
		README.md = README.md
	EndProjectSection
EndProject
Project("{FAE04EC0-301F-11D3-BF4B-00C04F79EFBC}") = "NKnife.TDMSDataViewer", "sample\NKnife.TDMSDataViewer\NKnife.TDMSDataViewer.csproj", "{43C1116D-5B90-4C48-9CED-7BE106052501}"
EndProject
Global
	GlobalSection(SolutionConfigurationPlatforms) = preSolution
		Debug|Any CPU = Debug|Any CPU
		Debug|ARM64 = Debug|ARM64
		Debug|x64 = Debug|x64
		Debug|x86 = Debug|x86
		Release|Any CPU = Release|Any CPU
		Release|ARM64 = Release|ARM64
		Release|x64 = Release|x64
		Release|x86 = Release|x86
	EndGlobalSection
	GlobalSection(ProjectConfigurationPlatforms) = postSolution
		{DD99E5F1-91E1-4206-8A87-BF9F6DFB411C}.Debug|Any CPU.ActiveCfg = Debug|Any CPU
		{DD99E5F1-91E1-4206-8A87-BF9F6DFB411C}.Debug|Any CPU.Build.0 = Debug|Any CPU
		{DD99E5F1-91E1-4206-8A87-BF9F6DFB411C}.Debug|ARM64.ActiveCfg = Debug|Any CPU
		{DD99E5F1-91E1-4206-8A87-BF9F6DFB411C}.Debug|ARM64.Build.0 = Debug|Any CPU
		{DD99E5F1-91E1-4206-8A87-BF9F6DFB411C}.Debug|x64.ActiveCfg = Debug|Any CPU
		{DD99E5F1-91E1-4206-8A87-BF9F6DFB411C}.Debug|x64.Build.0 = Debug|Any CPU
		{DD99E5F1-91E1-4206-8A87-BF9F6DFB411C}.Debug|x86.ActiveCfg = Debug|Any CPU
		{DD99E5F1-91E1-4206-8A87-BF9F6DFB411C}.Debug|x86.Build.0 = Debug|Any CPU
		{DD99E5F1-91E1-4206-8A87-BF9F6DFB411C}.Release|Any CPU.ActiveCfg = Release|Any CPU
		{DD99E5F1-91E1-4206-8A87-BF9F6DFB411C}.Release|Any CPU.Build.0 = Release|Any CPU
		{DD99E5F1-91E1-4206-8A87-BF9F6DFB411C}.Release|ARM64.ActiveCfg = Release|Any CPU
		{DD99E5F1-91E1-4206-8A87-BF9F6DFB411C}.Release|ARM64.Build.0 = Release|Any CPU
		{DD99E5F1-91E1-4206-8A87-BF9F6DFB411C}.Release|x64.ActiveCfg = Release|Any CPU
		{DD99E5F1-91E1-4206-8A87-BF9F6DFB411C}.Release|x64.Build.0 = Release|Any CPU
		{DD99E5F1-91E1-4206-8A87-BF9F6DFB411C}.Release|x86.ActiveCfg = Release|Any CPU
		{DD99E5F1-91E1-4206-8A87-BF9F6DFB411C}.Release|x86.Build.0 = Release|Any CPU
		{CDAE04EC-B5DB-4D7F-A41A-BC875E8249F8}.Debug|Any CPU.ActiveCfg = Debug|Any CPU
		{CDAE04EC-B5DB-4D7F-A41A-BC875E8249F8}.Debug|Any CPU.Build.0 = Debug|Any CPU
		{CDAE04EC-B5DB-4D7F-A41A-BC875E8249F8}.Debug|ARM64.ActiveCfg = Debug|Any CPU
		{CDAE04EC-B5DB-4D7F-A41A-BC875E8249F8}.Debug|ARM64.Build.0 = Debug|Any CPU
		{CDAE04EC-B5DB-4D7F-A41A-BC875E8249F8}.Debug|x64.ActiveCfg = Debug|Any CPU
		{CDAE04EC-B5DB-4D7F-A41A-BC875E8249F8}.Debug|x64.Build.0 = Debug|Any CPU
		{CDAE04EC-B5DB-4D7F-A41A-BC875E8249F8}.Debug|x86.ActiveCfg = Debug|Any CPU
		{CDAE04EC-B5DB-4D7F-A41A-BC875E8249F8}.Debug|x86.Build.0 = Debug|Any CPU
		{CDAE04EC-B5DB-4D7F-A41A-BC875E8249F8}.Release|Any CPU.ActiveCfg = Release|Any CPU
		{CDAE04EC-B5DB-4D7F-A41A-BC875E8249F8}.Release|Any CPU.Build.0 = Release|Any CPU
		{CDAE04EC-B5DB-4D7F-A41A-BC875E8249F8}.Release|ARM64.ActiveCfg = Release|Any CPU
		{CDAE04EC-B5DB-4D7F-A41A-BC875E8249F8}.Release|ARM64.Build.0 = Release|Any CPU
		{CDAE04EC-B5DB-4D7F-A41A-BC875E8249F8}.Release|x64.ActiveCfg = Release|Any CPU
		{CDAE04EC-B5DB-4D7F-A41A-BC875E8249F8}.Release|x64.Build.0 = Release|Any CPU
		{CDAE04EC-B5DB-4D7F-A41A-BC875E8249F8}.Release|x86.ActiveCfg = Release|Any CPU
		{CDAE04EC-B5DB-4D7F-A41A-BC875E8249F8}.Release|x86.Build.0 = Release|Any CPU
		{43C1116D-5B90-4C48-9CED-7BE106052501}.Debug|Any CPU.ActiveCfg = Debug|Any CPU
		{43C1116D-5B90-4C48-9CED-7BE106052501}.Debug|Any CPU.Build.0 = Debug|Any CPU
		{43C1116D-5B90-4C48-9CED-7BE106052501}.Debug|ARM64.ActiveCfg = Debug|Any CPU
		{43C1116D-5B90-4C48-9CED-7BE106052501}.Debug|ARM64.Build.0 = Debug|Any CPU
		{43C1116D-5B90-4C48-9CED-7BE106052501}.Debug|x64.ActiveCfg = Debug|Any CPU
		{43C1116D-5B90-4C48-9CED-7BE106052501}.Debug|x64.Build.0 = Debug|Any CPU
		{43C1116D-5B90-4C48-9CED-7BE106052501}.Debug|x86.ActiveCfg = Debug|Any CPU
		{43C1116D-5B90-4C48-9CED-7BE106052501}.Debug|x86.Build.0 = Debug|Any CPU
		{43C1116D-5B90-4C48-9CED-7BE106052501}.Release|Any CPU.ActiveCfg = Release|Any CPU
		{43C1116D-5B90-4C48-9CED-7BE106052501}.Release|Any CPU.Build.0 = Release|Any CPU
		{43C1116D-5B90-4C48-9CED-7BE106052501}.Release|ARM64.ActiveCfg = Release|Any CPU
		{43C1116D-5B90-4C48-9CED-7BE106052501}.Release|ARM64.Build.0 = Release|Any CPU
		{43C1116D-5B90-4C48-9CED-7BE106052501}.Release|x64.ActiveCfg = Release|Any CPU
		{43C1116D-5B90-4C48-9CED-7BE106052501}.Release|x64.Build.0 = Release|Any CPU
		{43C1116D-5B90-4C48-9CED-7BE106052501}.Release|x86.ActiveCfg = Release|Any CPU
		{43C1116D-5B90-4C48-9CED-7BE106052501}.Release|x86.Build.0 = Release|Any CPU
	EndGlobalSection
	GlobalSection(SolutionProperties) = preSolution
		HideSolutionNode = FALSE
	EndGlobalSection
	GlobalSection(ExtensibilityGlobals) = postSolution
		SolutionGuid = {31135EF2-5013-4D5B-AA19-8EFA4CB985CA}
	EndGlobalSection
EndGlobal
